
Microsoft Visual Studio Solution File, Format Version 12.00
Project("{FAE04EC0-301F-11D3-BF4B-00C04F79EFBC}") = "test", "test\test.csproj", "{A0340455-DF4C-4ACF-9015-B36112E969EA}"
EndProject
Global
	GlobalSection(SolutionConfigurationPlatforms) = preSolution
		Debug|Any CPU = Debug|Any CPU
		Release|Any CPU = Release|Any CPU
	EndGlobalSection
	GlobalSection(ProjectConfigurationPlatforms) = postSolution
		{A0340455-DF4C-4ACF-9015-B36112E969EA}.Debug|Any CPU.ActiveCfg = Debug|Any CPU
		{A0340455-DF4C-4ACF-9015-B36112E969EA}.Debug|Any CPU.Build.0 = Debug|Any CPU
		{A0340455-DF4C-4ACF-9015-B36112E969EA}.Release|Any CPU.ActiveCfg = Release|Any CPU
		{A0340455-DF4C-4ACF-9015-B36112E969EA}.Release|Any CPU.Build.0 = Release|Any CPU
	EndGlobalSection
EndGlobal
