
Microsoft Visual Studio Solution File, Format Version 12.00
Project("{FAE04EC0-301F-11D3-BF4B-00C04F79EFBC}") = "utemez", "utemez\utemez.csproj", "{BF00714E-A9C6-4017-B19F-417BCFB13E66}"
EndProject
Global
	GlobalSection(SolutionConfigurationPlatforms) = preSolution
		Debug|Any CPU = Debug|Any CPU
		Release|Any CPU = Release|Any CPU
	EndGlobalSection
	GlobalSection(ProjectConfigurationPlatforms) = postSolution
		{BF00714E-A9C6-4017-B19F-417BCFB13E66}.Debug|Any CPU.ActiveCfg = Debug|Any CPU
		{BF00714E-A9C6-4017-B19F-417BCFB13E66}.Debug|Any CPU.Build.0 = Debug|Any CPU
		{BF00714E-A9C6-4017-B19F-417BCFB13E66}.Release|Any CPU.ActiveCfg = Release|Any CPU
		{BF00714E-A9C6-4017-B19F-417BCFB13E66}.Release|Any CPU.Build.0 = Release|Any CPU
	EndGlobalSection
EndGlobal
